PODS:
  - TDResult (0.1.1)
  - TDWebService (0.1.8)

DEPENDENCIES:
  - TDResult
  - TDWebService (from `../`)

EXTERNAL SOURCES:
  TDWebService:
    :path: ../

SPEC CHECKSUMS:
  TDResult: 8073c47dc4c99174490bce7a35a782ea97ac3c88
  TDWebService: db20ead184e24a3032be4d979974d6f060e8186c

PODFILE CHECKSUM: 0c293746a8cc3bcf6dd9e0d6ee7bb5bd21ff5603

COCOAPODS: 1.3.1
